
Microsoft Visual Studio Solution File, Format Version 12.00
# Visual Studio 15
VisualStudioVersion = 15.0.28307.271
MinimumVisualStudioVersion = 10.0.40219.1
Project("{FAE04EC0-301F-11D3-BF4B-00C04F79EFBC}") = "ConsoleApp1", "ConsoleApp1\ConsoleApp1.csproj", "{CEB455BC-4D59-49F7-B7E9-219DD565DF3B}"
EndProject
Global
	GlobalSection(SolutionConfigurationPlatforms) = preSolution
		Debug|Any CPU = Debug|Any CPU
		Release|Any CPU = Release|Any CPU
	EndGlobalSection
	GlobalSection(ProjectConfigurationPlatforms) = postSolution
		{CEB455BC-4D59-49F7-B7E9-219DD565DF3B}.Debug|Any CPU.ActiveCfg = Debug|Any CPU
		{CEB455BC-4D59-49F7-B7E9-219DD565DF3B}.Debug|Any CPU.Build.0 = Debug|Any CPU
		{CEB455BC-4D59-49F7-B7E9-219DD565DF3B}.Release|Any CPU.ActiveCfg = Release|Any CPU
		{CEB455BC-4D59-49F7-B7E9-219DD565DF3B}.Release|Any CPU.Build.0 = Release|Any CPU
	EndGlobalSection
	GlobalSection(SolutionProperties) = preSolution
		HideSolutionNode = FALSE
	EndGlobalSection
	GlobalSection(ExtensibilityGlobals) = postSolution
		SolutionGuid = {2DFE4278-FD17-4AC8-99C1-4223A69C743A}
	EndGlobalSection
EndGlobal
