
Microsoft Visual Studio Solution File, Format Version 12.00
# Visual Studio 15
<<<<<<< HEAD
VisualStudioVersion = 15.0.28307.271
MinimumVisualStudioVersion = 10.0.40219.1
Project("{FAE04EC0-301F-11D3-BF4B-00C04F79EFBC}") = "ConsoleApp1", "ConsoleApp1\ConsoleApp1.csproj", "{E9E32C41-73B6-401F-B4C3-2812873842FE}"
=======
VisualStudioVersion = 15.0.28307.329
MinimumVisualStudioVersion = 10.0.40219.1
Project("{FAE04EC0-301F-11D3-BF4B-00C04F79EFBC}") = "ConsoleApp1", "ConsoleApp1\ConsoleApp1.csproj", "{9DA9E127-B432-4D22-8571-56B00987033C}"
>>>>>>> cf6037f249a7c5206d31d29e21419f956e53fcd3
EndProject
Global
	GlobalSection(SolutionConfigurationPlatforms) = preSolution
		Debug|Any CPU = Debug|Any CPU
		Release|Any CPU = Release|Any CPU
	EndGlobalSection
	GlobalSection(ProjectConfigurationPlatforms) = postSolution
<<<<<<< HEAD
		{E9E32C41-73B6-401F-B4C3-2812873842FE}.Debug|Any CPU.ActiveCfg = Debug|Any CPU
		{E9E32C41-73B6-401F-B4C3-2812873842FE}.Debug|Any CPU.Build.0 = Debug|Any CPU
		{E9E32C41-73B6-401F-B4C3-2812873842FE}.Release|Any CPU.ActiveCfg = Release|Any CPU
		{E9E32C41-73B6-401F-B4C3-2812873842FE}.Release|Any CPU.Build.0 = Release|Any CPU
=======
		{9DA9E127-B432-4D22-8571-56B00987033C}.Debug|Any CPU.ActiveCfg = Debug|Any CPU
		{9DA9E127-B432-4D22-8571-56B00987033C}.Debug|Any CPU.Build.0 = Debug|Any CPU
		{9DA9E127-B432-4D22-8571-56B00987033C}.Release|Any CPU.ActiveCfg = Release|Any CPU
		{9DA9E127-B432-4D22-8571-56B00987033C}.Release|Any CPU.Build.0 = Release|Any CPU
>>>>>>> cf6037f249a7c5206d31d29e21419f956e53fcd3
	EndGlobalSection
	GlobalSection(SolutionProperties) = preSolution
		HideSolutionNode = FALSE
	EndGlobalSection
	GlobalSection(ExtensibilityGlobals) = postSolution
<<<<<<< HEAD
		SolutionGuid = {5C9A8C2F-E915-4D0D-8189-C7B27CBCE1CD}
=======
		SolutionGuid = {2E18408C-B29F-4B46-BF4A-7D6A1988EB9A}
>>>>>>> cf6037f249a7c5206d31d29e21419f956e53fcd3
	EndGlobalSection
EndGlobal
