
Microsoft Visual Studio Solution File, Format Version 12.00
# Visual Studio 15
<<<<<<< HEAD
VisualStudioVersion = 15.0.28307.329
MinimumVisualStudioVersion = 10.0.40219.1
Project("{FAE04EC0-301F-11D3-BF4B-00C04F79EFBC}") = "ConsoleApp1", "ConsoleApp1\ConsoleApp1.csproj", "{D9FE459F-F913-4C60-A936-6130B1C016DF}"
=======
VisualStudioVersion = 15.0.28307.271
MinimumVisualStudioVersion = 10.0.40219.1
Project("{FAE04EC0-301F-11D3-BF4B-00C04F79EFBC}") = "ConsoleApp1", "ConsoleApp1\ConsoleApp1.csproj", "{CE2EE7EB-8A63-47A2-95BC-DA28DD2D5E1F}"
>>>>>>> 94c2eba02a9ca1d69f0abef0b8705521169ecbcd
EndProject
Global
	GlobalSection(SolutionConfigurationPlatforms) = preSolution
		Debug|Any CPU = Debug|Any CPU
		Release|Any CPU = Release|Any CPU
	EndGlobalSection
	GlobalSection(ProjectConfigurationPlatforms) = postSolution
<<<<<<< HEAD
		{D9FE459F-F913-4C60-A936-6130B1C016DF}.Debug|Any CPU.ActiveCfg = Debug|Any CPU
		{D9FE459F-F913-4C60-A936-6130B1C016DF}.Debug|Any CPU.Build.0 = Debug|Any CPU
		{D9FE459F-F913-4C60-A936-6130B1C016DF}.Release|Any CPU.ActiveCfg = Release|Any CPU
		{D9FE459F-F913-4C60-A936-6130B1C016DF}.Release|Any CPU.Build.0 = Release|Any CPU
=======
		{CE2EE7EB-8A63-47A2-95BC-DA28DD2D5E1F}.Debug|Any CPU.ActiveCfg = Debug|Any CPU
		{CE2EE7EB-8A63-47A2-95BC-DA28DD2D5E1F}.Debug|Any CPU.Build.0 = Debug|Any CPU
		{CE2EE7EB-8A63-47A2-95BC-DA28DD2D5E1F}.Release|Any CPU.ActiveCfg = Release|Any CPU
		{CE2EE7EB-8A63-47A2-95BC-DA28DD2D5E1F}.Release|Any CPU.Build.0 = Release|Any CPU
>>>>>>> 94c2eba02a9ca1d69f0abef0b8705521169ecbcd
	EndGlobalSection
	GlobalSection(SolutionProperties) = preSolution
		HideSolutionNode = FALSE
	EndGlobalSection
	GlobalSection(ExtensibilityGlobals) = postSolution
<<<<<<< HEAD
		SolutionGuid = {F1D52344-B88B-4E4B-A4CF-1338F7A8182A}
=======
		SolutionGuid = {C3AA7549-06F3-48F2-A602-5C3A7B1AF943}
>>>>>>> 94c2eba02a9ca1d69f0abef0b8705521169ecbcd
	EndGlobalSection
EndGlobal
